<?xml version="1.0" encoding="utf-8"?>
<Project ToolsVersion="4.0" xmlns="http://schemas.microsoft.com/developer/msbuild/2003">
  <ItemGroup>
    <Filter Include="Fichiers sources">
      <UniqueIdentifier>{4FC737F1-C7A5-4376-A066-2A32D752A2FF}</UniqueIdentifier>
      <Extensions>cpp;c;cc;cxx;def;odl;idl;hpj;bat;asm;asmx</Extensions>
    </Filter>
    <Filter Include="Fichiers d%27en-tête">
      <UniqueIdentifier>{93995380-89BD-4b04-88EB-625FBE52EBFB}</UniqueIdentifier>
      <Extensions>h;hh;hpp;hxx;hm;inl;inc;xsd</Extensions>
    </Filter>
    <Filter Include="Fichiers de ressources">
      <UniqueIdentifier>{67DA6AB6-F800-4c08-8B7A-83BB121AAD01}</UniqueIdentifier>
      <Extensions>rc;ico;cur;bmp;dlg;rc2;rct;bin;rgs;gif;jpg;jpeg;jpe;resx;tiff;tif;png;wav;mfcribbon-ms</Extensions>
    </Filter>
    <Filter Include="Fichiers d%27en-tête\Main">
      <UniqueIdentifier>{2d7e0c32-735d-40b9-a621-f8be828dd6bb}</UniqueIdentifier>
    </Filter>
    <Filter Include="Fichiers d%27en-tête\Graphe">
      <UniqueIdentifier>{5d96352f-385b-47d0-8513-da83ac2c5caa}</UniqueIdentifier>
    </Filter>
  </ItemGroup>
  <ItemGroup>
    <ClInclude Include="Main\Erreur.h">
      <Filter>Fichiers d%27en-tête\Main</Filter>
    </ClInclude>
    <ClInclude Include="Graphe\Sommet.h">
      <Filter>Fichiers d%27en-tête\Graphe</Filter>
    </ClInclude>
    <ClInclude Include="Graphe\Arete.h">
      <Filter>Fichiers d%27en-tête\Graphe</Filter>
    </ClInclude>
    <ClInclude Include="Graphe\Graphe.h">
      <Filter>Fichiers d%27en-tête\Graphe</Filter>
    </ClInclude>
    <ClInclude Include="Graphe\Maillon.h">
      <Filter>Fichiers d%27en-tête\Graphe</Filter>
    </ClInclude>
  </ItemGroup>
</Project>